
Microsoft Visual Studio Solution File, Format Version 12.00
Project("{2150E333-8FDC-42A3-9474-1A3956D46DE8}") = "ProjectFiles", "ProjectFiles", "{BAA2AB79-915F-4FF1-89FC-C009BEB0158B}"
ProjectSection(SolutionItems) = preProject
	.gitignore = .gitignore
	README.md = README.md
EndProjectSection
EndProject
Project("{2150E333-8FDC-42A3-9474-1A3956D46DE8}") = "Examples", "Examples", "{55BC033A-A683-4D5F-BB9C-A1AA3FDC94A6}"
EndProject
Project("{F2A71F9B-5D33-465A-A702-920D77279786}") = "GeometrySandbox", "src\GeometrySandbox\GeometrySandbox.fsproj", "{9A78219A-5E02-4DBF-8C51-E4D16E89BD07}"
EndProject
Project("{F2A71F9B-5D33-465A-A702-920D77279786}") = "PenPlotter", "src\PenPlotter\PenPlotter.fsproj", "{B5BD0305-DD87-4082-85AC-85FCB9CD387A}"
EndProject
Project("{2150E333-8FDC-42A3-9474-1A3956D46DE8}") = "Docs", "Docs", "{DC207CE9-AA92-4077-97D7-2A77705DA492}"
	ProjectSection(SolutionItems) = preProject
		docs\Index.fsx = docs\Index.fsx
	EndProjectSection
EndProject
Project("{F2A71F9B-5D33-465A-A702-920D77279786}") = "PenPlotter.Tests", "test\PenPlotter.Tests\PenPlotter.Tests.fsproj", "{216E241A-CBCE-45FA-BDBD-8DD54D243261}"
EndProject
Global
	GlobalSection(SolutionConfigurationPlatforms) = preSolution
		Debug|Any CPU = Debug|Any CPU
		Release|Any CPU = Release|Any CPU
	EndGlobalSection
	GlobalSection(ProjectConfigurationPlatforms) = postSolution
		{9A78219A-5E02-4DBF-8C51-E4D16E89BD07}.Debug|Any CPU.ActiveCfg = Debug|Any CPU
		{9A78219A-5E02-4DBF-8C51-E4D16E89BD07}.Debug|Any CPU.Build.0 = Debug|Any CPU
		{9A78219A-5E02-4DBF-8C51-E4D16E89BD07}.Release|Any CPU.ActiveCfg = Release|Any CPU
		{9A78219A-5E02-4DBF-8C51-E4D16E89BD07}.Release|Any CPU.Build.0 = Release|Any CPU
		{B5BD0305-DD87-4082-85AC-85FCB9CD387A}.Debug|Any CPU.ActiveCfg = Debug|Any CPU
		{B5BD0305-DD87-4082-85AC-85FCB9CD387A}.Debug|Any CPU.Build.0 = Debug|Any CPU
		{B5BD0305-DD87-4082-85AC-85FCB9CD387A}.Release|Any CPU.ActiveCfg = Release|Any CPU
		{B5BD0305-DD87-4082-85AC-85FCB9CD387A}.Release|Any CPU.Build.0 = Release|Any CPU
		{216E241A-CBCE-45FA-BDBD-8DD54D243261}.Debug|Any CPU.ActiveCfg = Debug|Any CPU
		{216E241A-CBCE-45FA-BDBD-8DD54D243261}.Debug|Any CPU.Build.0 = Debug|Any CPU
		{216E241A-CBCE-45FA-BDBD-8DD54D243261}.Release|Any CPU.ActiveCfg = Release|Any CPU
		{216E241A-CBCE-45FA-BDBD-8DD54D243261}.Release|Any CPU.Build.0 = Release|Any CPU
	EndGlobalSection
	GlobalSection(NestedProjects) = preSolution
	EndGlobalSection
EndGlobal
