
Microsoft Visual Studio Solution File, Format Version 12.00
Project("{2150E333-8FDC-42A3-9474-1A3956D46DE8}") = "ProjectFiles", "ProjectFiles", "{BAA2AB79-915F-4FF1-89FC-C009BEB0158B}"
ProjectSection(SolutionItems) = preProject
	.gitignore = .gitignore
	README.md = README.md
EndProjectSection
EndProject
Project("{F2A71F9B-5D33-465A-A702-920D77279786}") = "DesktopApp", "src\DesktopApp\DesktopApp.fsproj", "{9A78219A-5E02-4DBF-8C51-E4D16E89BD07}"
EndProject
Project("{F2A71F9B-5D33-465A-A702-920D77279786}") = "PenPlotter", "src\PenPlotter\PenPlotter.fsproj", "{B5BD0305-DD87-4082-85AC-85FCB9CD387A}"
EndProject
Project("{2150E333-8FDC-42A3-9474-1A3956D46DE8}") = "Docs", "Docs", "{DC207CE9-AA92-4077-97D7-2A77705DA492}"
	ProjectSection(SolutionItems) = preProject
		docs\Index.fsx = docs\Index.fsx
		docs\Plotter.fsx = docs\Plotter.fsx
	EndProjectSection
EndProject
Project("{F2A71F9B-5D33-465A-A702-920D77279786}") = "PenPlotter.Tests", "test\PenPlotter.Tests\PenPlotter.Tests.fsproj", "{216E241A-CBCE-45FA-BDBD-8DD54D243261}"
EndProject
Project("{2150E333-8FDC-42A3-9474-1A3956D46DE8}") = "WebApp", "WebApp", "{8C2572A8-CC2E-4D00-87E3-361B0E147E5F}"
	ProjectSection(SolutionItems) = preProject
		src\WebApp\Nuget.Config = src\WebApp\Nuget.Config
		src\WebApp\package.json = src\WebApp\package.json
		src\WebApp\README.md = src\WebApp\README.md
		src\WebApp\webpack.config.js = src\WebApp\webpack.config.js
		src\WebApp\.config\dotnet-tools.json = src\WebApp\.config\dotnet-tools.json
	EndProjectSection
EndProject
Project("{F2A71F9B-5D33-465A-A702-920D77279786}") = "App", "src\WebApp\src\App.fsproj", "{19C87E5A-BA71-48FB-A414-95304A427052}"
EndProject
Project("{2150E333-8FDC-42A3-9474-1A3956D46DE8}") = "Public", "Public", "{1A78DE02-0491-4EDF-9EFC-CFC260BA9F9D}"
	ProjectSection(SolutionItems) = preProject
		src\WebApp\public\fable.ico = src\WebApp\public\fable.ico
		src\WebApp\public\index.html = src\WebApp\public\index.html
	EndProjectSection
EndProject
Project("{F2A71F9B-5D33-465A-A702-920D77279786}") = "DesktopApp.Tests", "DesktopApp.Tests\DesktopApp.Tests.fsproj", "{20FB0770-B2A9-4EB9-AE4B-0681B7868232}"
EndProject
Global
	GlobalSection(SolutionConfigurationPlatforms) = preSolution
		Debug|Any CPU = Debug|Any CPU
		Release|Any CPU = Release|Any CPU
	EndGlobalSection
	GlobalSection(ProjectConfigurationPlatforms) = postSolution
		{9A78219A-5E02-4DBF-8C51-E4D16E89BD07}.Debug|Any CPU.ActiveCfg = Debug|Any CPU
		{9A78219A-5E02-4DBF-8C51-E4D16E89BD07}.Debug|Any CPU.Build.0 = Debug|Any CPU
		{9A78219A-5E02-4DBF-8C51-E4D16E89BD07}.Release|Any CPU.ActiveCfg = Release|Any CPU
		{9A78219A-5E02-4DBF-8C51-E4D16E89BD07}.Release|Any CPU.Build.0 = Release|Any CPU
		{B5BD0305-DD87-4082-85AC-85FCB9CD387A}.Debug|Any CPU.ActiveCfg = Debug|Any CPU
		{B5BD0305-DD87-4082-85AC-85FCB9CD387A}.Debug|Any CPU.Build.0 = Debug|Any CPU
		{B5BD0305-DD87-4082-85AC-85FCB9CD387A}.Release|Any CPU.ActiveCfg = Release|Any CPU
		{B5BD0305-DD87-4082-85AC-85FCB9CD387A}.Release|Any CPU.Build.0 = Release|Any CPU
		{216E241A-CBCE-45FA-BDBD-8DD54D243261}.Debug|Any CPU.ActiveCfg = Debug|Any CPU
		{216E241A-CBCE-45FA-BDBD-8DD54D243261}.Debug|Any CPU.Build.0 = Debug|Any CPU
		{216E241A-CBCE-45FA-BDBD-8DD54D243261}.Release|Any CPU.ActiveCfg = Release|Any CPU
		{216E241A-CBCE-45FA-BDBD-8DD54D243261}.Release|Any CPU.Build.0 = Release|Any CPU
		{19C87E5A-BA71-48FB-A414-95304A427052}.Debug|Any CPU.ActiveCfg = Debug|Any CPU
		{19C87E5A-BA71-48FB-A414-95304A427052}.Debug|Any CPU.Build.0 = Debug|Any CPU
		{19C87E5A-BA71-48FB-A414-95304A427052}.Release|Any CPU.ActiveCfg = Release|Any CPU
		{19C87E5A-BA71-48FB-A414-95304A427052}.Release|Any CPU.Build.0 = Release|Any CPU
		{20FB0770-B2A9-4EB9-AE4B-0681B7868232}.Debug|Any CPU.ActiveCfg = Debug|Any CPU
		{20FB0770-B2A9-4EB9-AE4B-0681B7868232}.Debug|Any CPU.Build.0 = Debug|Any CPU
		{20FB0770-B2A9-4EB9-AE4B-0681B7868232}.Release|Any CPU.ActiveCfg = Release|Any CPU
		{20FB0770-B2A9-4EB9-AE4B-0681B7868232}.Release|Any CPU.Build.0 = Release|Any CPU
	EndGlobalSection
	GlobalSection(NestedProjects) = preSolution
		{19C87E5A-BA71-48FB-A414-95304A427052} = {8C2572A8-CC2E-4D00-87E3-361B0E147E5F}
		{1A78DE02-0491-4EDF-9EFC-CFC260BA9F9D} = {8C2572A8-CC2E-4D00-87E3-361B0E147E5F}
	EndGlobalSection
EndGlobal
